# This file is automatically @generated by Cargo.
# It is not intended for manual editing.
version = 4

[[package]]
name = "gameconqueror"
version = "0.1.0"
dependencies = [
 "libscanmem",
]

[[package]]
name = "libscanmem"
version = "0.1.0"

[[package]]
name = "scanmem"
version = "0.1.0"
dependencies = [
 "libscanmem",
]
